
Microsoft Visual Studio Solution File, Format Version 12.00
# Visual Studio Version 17
VisualStudioVersion = 17.10.35004.147
MinimumVisualStudioVersion = 10.0.40219.1
Project("{9A19103F-16F7-4668-BE54-9A1E7A4F7556}") = "Gui", "Gui\Gui.csproj", "{91746F52-0EFE-4E4A-B550-BFAE6A4BD761}"
EndProject
Project("{FAE04EC0-301F-11D3-BF4B-00C04F79EFBC}") = "DAL", "DAL\DAL.csproj", "{85C0BBBA-D713-4746-95C6-44E1D2FEBACF}"
EndProject
Project("{FAE04EC0-301F-11D3-BF4B-00C04F79EFBC}") = "BLL", "BLL\BLL.csproj", "{892D136E-469A-47EE-8217-499835362971}"
EndProject
Project("{FAE04EC0-301F-11D3-BF4B-00C04F79EFBC}") = "ENTITY", "ENTITY\ENTITY.csproj", "{3C276671-562A-4D06-A2C2-69E8E1263389}"
EndProject
Global
	GlobalSection(SolutionConfigurationPlatforms) = preSolution
		Debug|Any CPU = Debug|Any CPU
		Release|Any CPU = Release|Any CPU
	EndGlobalSection
	GlobalSection(ProjectConfigurationPlatforms) = postSolution
		{91746F52-0EFE-4E4A-B550-BFAE6A4BD761}.Debug|Any CPU.ActiveCfg = Debug|Any CPU
		{91746F52-0EFE-4E4A-B550-BFAE6A4BD761}.Debug|Any CPU.Build.0 = Debug|Any CPU
		{91746F52-0EFE-4E4A-B550-BFAE6A4BD761}.Release|Any CPU.ActiveCfg = Release|Any CPU
		{91746F52-0EFE-4E4A-B550-BFAE6A4BD761}.Release|Any CPU.Build.0 = Release|Any CPU
		{85C0BBBA-D713-4746-95C6-44E1D2FEBACF}.Debug|Any CPU.ActiveCfg = Debug|Any CPU
		{85C0BBBA-D713-4746-95C6-44E1D2FEBACF}.Debug|Any CPU.Build.0 = Debug|Any CPU
		{85C0BBBA-D713-4746-95C6-44E1D2FEBACF}.Release|Any CPU.ActiveCfg = Release|Any CPU
		{85C0BBBA-D713-4746-95C6-44E1D2FEBACF}.Release|Any CPU.Build.0 = Release|Any CPU
		{892D136E-469A-47EE-8217-499835362971}.Debug|Any CPU.ActiveCfg = Debug|Any CPU
		{892D136E-469A-47EE-8217-499835362971}.Debug|Any CPU.Build.0 = Debug|Any CPU
		{892D136E-469A-47EE-8217-499835362971}.Release|Any CPU.ActiveCfg = Release|Any CPU
		{892D136E-469A-47EE-8217-499835362971}.Release|Any CPU.Build.0 = Release|Any CPU
		{3C276671-562A-4D06-A2C2-69E8E1263389}.Debug|Any CPU.ActiveCfg = Debug|Any CPU
		{3C276671-562A-4D06-A2C2-69E8E1263389}.Debug|Any CPU.Build.0 = Debug|Any CPU
		{3C276671-562A-4D06-A2C2-69E8E1263389}.Release|Any CPU.ActiveCfg = Release|Any CPU
		{3C276671-562A-4D06-A2C2-69E8E1263389}.Release|Any CPU.Build.0 = Release|Any CPU
	EndGlobalSection
	GlobalSection(SolutionProperties) = preSolution
		HideSolutionNode = FALSE
	EndGlobalSection
	GlobalSection(ExtensibilityGlobals) = postSolution
		SolutionGuid = {6EA23346-1171-46FE-9E76-05B63F014228}
	EndGlobalSection
EndGlobal
